# THIS IS AN AUTOGENERATED FILE. DO NOT EDIT THIS FILE DIRECTLY.
# yarn lockfile v1


"@chakra-ui/icon@1.0.3":
  version "1.0.3"
  resolved "https://registry.yarnpkg.com/@chakra-ui/icon/-/icon-1.0.3.tgz#e186331c14dcbcd6cf18c3d20e03e0ca28ec223f"
  integrity sha512-wiNbipXLtwlItmtEf136xlgNjtFZuVOZBw1kM01Nk81fhe3lz+IsrEZW/Iyw1z0yzjrFkENR56TP+P3GVBLVwg==
  dependencies:
    "@chakra-ui/utils" "1.1.0"

"@chakra-ui/icons@^1.0.3":
  version "1.0.3"
  resolved "https://registry.yarnpkg.com/@chakra-ui/icons/-/icons-1.0.3.tgz#5281d1e914edbbc9c9cafd259549d170d4840533"
  integrity sha512-YfBeG6TNSvBvzr/2RaVYMwYfMUtbS2nJ2YVygRELkAhQ8h0mUbTcNfw2YgUbY3H2BVfuRp9qCnbf6kp2evuh7A==
  dependencies:
    "@chakra-ui/icon" "1.0.3"
    "@types/react" "^17.0.0"

"@chakra-ui/utils@1.1.0":
  version "1.1.0"
  resolved "https://registry.yarnpkg.com/@chakra-ui/utils/-/utils-1.1.0.tgz#e006d17ffc1b09c2daa08f94fbc58766c4329e76"
  integrity sha512-QiX6HqQpv+oE4lRaPhDYRhrYI2ijAsNDpKhZeOeUh6hBXWIayzMB62iN0QANeMqynPz413TU5RR2c+WGwyax6g==
  dependencies:
    "@types/lodash.mergewith" "4.6.6"
    "@types/object-assign" "4.0.30"
    css-box-model "1.2.1"
    lodash.mergewith "4.6.2"
    object-assign "4.1.1"

"@types/lodash.mergewith@4.6.6":
  version "4.6.6"
  resolved "https://registry.yarnpkg.com/@types/lodash.mergewith/-/lodash.mergewith-4.6.6.tgz#c4698f5b214a433ff35cb2c75ee6ec7f99d79f10"
  integrity sha512-RY/8IaVENjG19rxTZu9Nukqh0W2UrYgmBj5sdns4hWRZaV8PqR7wIKHFKzvOTjo4zVRV7sVI+yFhAJql12Kfqg==
  dependencies:
    "@types/lodash" "*"

"@types/lodash@*":
  version "4.14.168"
  resolved "https://registry.yarnpkg.com/@types/lodash/-/lodash-4.14.168.tgz#fe24632e79b7ade3f132891afff86caa5e5ce008"
  integrity sha512-oVfRvqHV/V6D1yifJbVRU3TMp8OT6o6BG+U9MkwuJ3U8/CsDHvalRpsxBqivn71ztOFZBTfJMvETbqHiaNSj7Q==

"@types/object-assign@4.0.30":
  version "4.0.30"
  resolved "https://registry.yarnpkg.com/@types/object-assign/-/object-assign-4.0.30.tgz#8949371d5a99f4381ee0f1df0a9b7a187e07e652"
  integrity sha1-iUk3HVqZ9Dge4PHfCpt6GH4H5lI=

"@types/prop-types@*":
  version "15.7.3"
  resolved "https://registry.yarnpkg.com/@types/prop-types/-/prop-types-15.7.3.tgz#2ab0d5da2e5815f94b0b9d4b95d1e5f243ab2ca7"
  integrity sha512-KfRL3PuHmqQLOG+2tGpRO26Ctg+Cq1E01D2DMriKEATHgWLfeNDmq9e29Q9WIky0dQ3NPkd1mzYH8Lm936Z9qw==

"@types/react@^17.0.0":
  version "17.0.0"
  resolved "https://registry.yarnpkg.com/@types/react/-/react-17.0.0.tgz#5af3eb7fad2807092f0046a1302b7823e27919b8"
  integrity sha512-aj/L7RIMsRlWML3YB6KZiXB3fV2t41+5RBGYF8z+tAKU43Px8C3cYUZsDvf1/+Bm4FK21QWBrDutu8ZJ/70qOw==
  dependencies:
    "@types/prop-types" "*"
    csstype "^3.0.2"

css-box-model@1.2.1:
  version "1.2.1"
  resolved "https://registry.yarnpkg.com/css-box-model/-/css-box-model-1.2.1.tgz#59951d3b81fd6b2074a62d49444415b0d2b4d7c1"
  integrity sha512-a7Vr4Q/kd/aw96bnJG332W9V9LkJO69JRcaCYDUqjp6/z0w6VcZjgAcTbgFxEPfBgdnAwlh3iwu+hLopa+flJw==
  dependencies:
    tiny-invariant "^1.0.6"

csstype@^3.0.2:
  version "3.0.6"
  resolved "https://registry.yarnpkg.com/csstype/-/csstype-3.0.6.tgz#865d0b5833d7d8d40f4e5b8a6d76aea3de4725ef"
  integrity sha512-+ZAmfyWMT7TiIlzdqJgjMb7S4f1beorDbWbsocyK4RaiqA5RTX3K14bnBWmmA9QEM0gRdsjyyrEmcyga8Zsxmw==

lodash.mergewith@4.6.2:
  version "4.6.2"
  resolved "https://registry.yarnpkg.com/lodash.mergewith/-/lodash.mergewith-4.6.2.tgz#617121f89ac55f59047c7aec1ccd6654c6590f55"
  integrity sha512-GK3g5RPZWTRSeLSpgP8Xhra+pnjBC56q9FZYe1d5RN3TJ35dbkGy3YqBSMbyCrlbi+CM9Z3Jk5yTL7RCsqboyQ==

object-assign@4.1.1:
  version "4.1.1"
  resolved "https://registry.yarnpkg.com/object-assign/-/object-assign-4.1.1.tgz#2109adc7965887cfc05cbbd442cac8bfbb360863"
  integrity sha1-IQmtx5ZYh8/AXLvUQsrIv7s2CGM=

tiny-invariant@^1.0.6:
  version "1.1.0"
  resolved "https://registry.yarnpkg.com/tiny-invariant/-/tiny-invariant-1.1.0.tgz#634c5f8efdc27714b7f386c35e6760991d230875"
  integrity sha512-ytxQvrb1cPc9WBEI/HSeYYoGD0kWnGEOR8RY6KomWLBVhqz0RgTwVO9dLrGz7dC+nN9llyI7OKAgRq8Vq4ZBSw==
